# This file is automatically @generated by Poetry 2.0.1 and should not be changed by hand.

[[package]]
name = "pypdf"
version = "5.3.0"
description = "A pure-python PDF library capable of splitting, merging, cropping, and transforming PDF files"
optional = false
python-versions = ">=3.8"
groups = ["main"]
files = [
    {file = "pypdf-5.3.0-py3-none-any.whl", hash = "sha256:d7b6db242f5f8fdb4990ae11815c394b8e1b955feda0befcce862efd8559c181"},
    {file = "pypdf-5.3.0.tar.gz", hash = "sha256:08393660dfea25b27ec6fe863fb2f2248e6270da5103fae49e9dea8178741951"},
]

[package.extras]
crypto = ["cryptography"]
cryptodome = ["PyCryptodome"]
dev = ["black", "flit", "pip-tools", "pre-commit (<2.18.0)", "pytest-cov", "pytest-socket", "pytest-timeout", "pytest-xdist", "wheel"]
docs = ["myst_parser", "sphinx", "sphinx_rtd_theme"]
full = ["Pillow (>=8.0.0)", "cryptography"]
image = ["Pillow (>=8.0.0)"]

[[package]]
name = "pypdf2"
version = "3.0.1"
description = "A pure-python PDF library capable of splitting, merging, cropping, and transforming PDF files"
optional = false
python-versions = ">=3.6"
groups = ["main"]
files = [
    {file = "PyPDF2-3.0.1.tar.gz", hash = "sha256:a74408f69ba6271f71b9352ef4ed03dc53a31aa404d29b5d31f53bfecfee1440"},
    {file = "pypdf2-3.0.1-py3-none-any.whl", hash = "sha256:d16e4205cfee272fbdc0568b68d82be796540b1537508cef59388f839c191928"},
]

[package.extras]
crypto = ["PyCryptodome"]
dev = ["black", "flit", "pip-tools", "pre-commit (<2.18.0)", "pytest-cov", "wheel"]
docs = ["myst_parser", "sphinx", "sphinx_rtd_theme"]
full = ["Pillow", "PyCryptodome"]
image = ["Pillow"]

[metadata]
lock-version = "2.1"
python-versions = ">=3.12"
content-hash = "c153549f4bb15d3f41469cda11ed1f2ecc1b6bfe1d8c5538a4654ecd601e2617"
